
Microsoft Visual Studio Solution File, Format Version 12.00
# Visual Studio Version 16
VisualStudioVersion = 16.0.29215.179
MinimumVisualStudioVersion = 10.0.40219.1
Project("{FAE04EC0-301F-11D3-BF4B-00C04F79EFBC}") = "PC", "PC\PC.csproj", "{716842CF-8EA3-47FB-A7A4-5F90F4D91CF7}"
EndProject
Project("{FAE04EC0-301F-11D3-BF4B-00C04F79EFBC}") = "PC.Test", "PC.Test\PC.Test.csproj", "{B34B1DB7-1EC9-482D-86FC-F6CE82FF371B}"
EndProject
Global
	GlobalSection(SolutionConfigurationPlatforms) = preSolution
		Debug|Any CPU = Debug|Any CPU
		Release|Any CPU = Release|Any CPU
	EndGlobalSection
	GlobalSection(ProjectConfigurationPlatforms) = postSolution
		{716842CF-8EA3-47FB-A7A4-5F90F4D91CF7}.Debug|Any CPU.ActiveCfg = Debug|Any CPU
		{716842CF-8EA3-47FB-A7A4-5F90F4D91CF7}.Debug|Any CPU.Build.0 = Debug|Any CPU
		{716842CF-8EA3-47FB-A7A4-5F90F4D91CF7}.Release|Any CPU.ActiveCfg = Release|Any CPU
		{716842CF-8EA3-47FB-A7A4-5F90F4D91CF7}.Release|Any CPU.Build.0 = Release|Any CPU
		{B34B1DB7-1EC9-482D-86FC-F6CE82FF371B}.Debug|Any CPU.ActiveCfg = Debug|Any CPU
		{B34B1DB7-1EC9-482D-86FC-F6CE82FF371B}.Debug|Any CPU.Build.0 = Debug|Any CPU
		{B34B1DB7-1EC9-482D-86FC-F6CE82FF371B}.Release|Any CPU.ActiveCfg = Release|Any CPU
		{B34B1DB7-1EC9-482D-86FC-F6CE82FF371B}.Release|Any CPU.Build.0 = Release|Any CPU
	EndGlobalSection
	GlobalSection(SolutionProperties) = preSolution
		HideSolutionNode = FALSE
	EndGlobalSection
	GlobalSection(ExtensibilityGlobals) = postSolution
		SolutionGuid = {7DEDA1A7-F009-4EB8-AF28-DED56B93E0F9}
	EndGlobalSection
EndGlobal
